{
  "lockfile_version": "1",
  "packages": {
    "age@latest": {
      "last_modified": "2026-05-21T08:15:18Z",
      "resolved": "github:NixOS/nixpkgs/4a29d733e8a7d5b824c3d8c958a946a9867b3eb2#age",
      "source": "devbox-search",
      "version": "1.3.1",
      "systems": {
        "aarch64-darwin": {
          "outputs": [
            {
              "name": "out",
              "path": "/nix/store/inpnmna2i94z1ghgc93gk75kj2cdylwa-age-1.3.1",
              "default": true
            }
          ],
          "store_path": "/nix/store/inpnmna2i94z1ghgc93gk75kj2cdylwa-age-1.3.1"
        },
        "aarch64-linux": {
          "outputs": [
            {
              "name": "out",
              "path": "/nix/store/04p6xzl2z72l8x4krc2d0k36q75nwf3b-age-1.3.1",
              "default": true
            }
          ],
          "store_path": "/nix/store/04p6xzl2z72l8x4krc2d0k36q75nwf3b-age-1.3.1"
        },
        "x86_64-darwin": {
          "outputs": [
            {
              "name": "out",
              "path": "/nix/store/cdygbadz3pjr9arakaldh5hph1s8a47l-age-1.3.1",
              "default": true
            }
          ],
          "store_path": "/nix/store/cdygbadz3pjr9arakaldh5hph1s8a47l-age-1.3.1"
        },
        "x86_64-linux": {
          "outputs": [
            {
              "name": "out",
              "path": "/nix/store/ipcrbbd4c60cdf5wrx5zw6z3a8f0p4cp-age-1.3.1",
              "default": true
            }
          ],
          "store_path": "/nix/store/ipcrbbd4c60cdf5wrx5zw6z3a8f0p4cp-age-1.3.1"
        }
      }
    },
    "ansible@latest": {
      "last_modified": "2026-05-24T03:33:00Z",
      "resolved": "github:NixOS/nixpkgs/d849bb215dcdf71bce3e686839ccdb4219e84b2f#ansible",
      "source": "devbox-search",
      "version": "2.21.0",
      "systems": {
        "aarch64-darwin": {
          "outputs": [
            {
              "name": "out",
              "path": "/nix/store/ag4bq59zbg57xlwb7gf785f13vha9hzi-python3.13-ansible-core-2.21.0",
              "default": true
            },
            {
              "name": "dist",
              "path": "/nix/store/drr6madrrna76lssdqpw8py4ln11j3hy-python3.13-ansible-core-2.21.0-dist"
            }
          ],
          "store_path": "/nix/store/ag4bq59zbg57xlwb7gf785f13vha9hzi-python3.13-ansible-core-2.21.0"
        },
        "aarch64-linux": {
          "outputs": [
            {
              "name": "out",
              "path": "/nix/store/86vws6rf0xfxxiyrrgf2rigc4p0klpkx-python3.13-ansible-core-2.21.0",
              "default": true
            },
            {
              "name": "dist",
              "path": "/nix/store/y14cmi4hqvgidnrcn0kils59mfi8x5zr-python3.13-ansible-core-2.21.0-dist"
            }
          ],
          "store_path": "/nix/store/86vws6rf0xfxxiyrrgf2rigc4p0klpkx-python3.13-ansible-core-2.21.0"
        },
        "x86_64-darwin": {
          "outputs": [
            {
              "name": "out",
              "path": "/nix/store/wkfkm1yvr1qwzjbk851532bmdhdv0h9c-python3.13-ansible-core-2.21.0",
              "default": true
            },
            {
              "name": "dist",
              "path": "/nix/store/bzad5hvq1k8fbyrc5aqxq7iv9y45scvd-python3.13-ansible-core-2.21.0-dist"
            }
          ],
          "store_path": "/nix/store/wkfkm1yvr1qwzjbk851532bmdhdv0h9c-python3.13-ansible-core-2.21.0"
        },
        "x86_64-linux": {
          "outputs": [
            {
              "name": "out",
              "path": "/nix/store/sr4nqab44kq89pg5zyxyfc10cxngsxk3-python3.13-ansible-core-2.21.0",
              "default": true
            },
            {
              "name": "dist",
              "path": "/nix/store/0f2hamyrx0ixq0rbrjvn2wwzfnlfyrc1-python3.13-ansible-core-2.21.0-dist"
            }
          ],
          "store_path": "/nix/store/sr4nqab44kq89pg5zyxyfc10cxngsxk3-python3.13-ansible-core-2.21.0"
        }
      }
    },
    "awscli2@latest": {
      "last_modified": "2026-05-21T08:15:18Z",
      "resolved": "github:NixOS/nixpkgs/4a29d733e8a7d5b824c3d8c958a946a9867b3eb2#awscli2",
      "source": "devbox-search",
      "version": "2.34.24",
      "systems": {
        "aarch64-darwin": {
          "outputs": [
            {
              "name": "out",
              "path": "/nix/store/w5lflgz514vbsl45vc63qrfw37swrklm-awscli2-2.34.24",
              "default": true
            },
            {
              "name": "dist",
              "path": "/nix/store/gnfvy1z0izf2p4rwvjna803fpsvzjdb1-awscli2-2.34.24-dist"
            }
          ],
          "store_path": "/nix/store/w5lflgz514vbsl45vc63qrfw37swrklm-awscli2-2.34.24"
        },
        "aarch64-linux": {
          "outputs": [
            {
              "name": "out",
              "path": "/nix/store/6mpssrq9lmawn3ncwyyj0lnlv5smbnvx-awscli2-2.34.24",
              "default": true
            },
            {
              "name": "dist",
              "path": "/nix/store/9acg1jrvac2sqcwss8878jmxl34ybn51-awscli2-2.34.24-dist"
            }
          ],
          "store_path": "/nix/store/6mpssrq9lmawn3ncwyyj0lnlv5smbnvx-awscli2-2.34.24"
        },
        "x86_64-darwin": {
          "outputs": [
            {
              "name": "out",
              "path": "/nix/store/6xz79kc9jji7m9qxsv33bslv4p737z1n-awscli2-2.34.24",
              "default": true
            },
            {
              "name": "dist",
              "path": "/nix/store/j15v56g8yxsq7yc6m5lkhkhh448p2rhn-awscli2-2.34.24-dist"
            }
          ],
          "store_path": "/nix/store/6xz79kc9jji7m9qxsv33bslv4p737z1n-awscli2-2.34.24"
        },
        "x86_64-linux": {
          "outputs": [
            {
              "name": "out",
              "path": "/nix/store/1kxvaj17xxfl0dznykiqn2ikscajpwag-awscli2-2.34.24",
              "default": true
            },
            {
              "name": "dist",
              "path": "/nix/store/d61f9km3qfzb3xwa1nzd662ii8607zdh-awscli2-2.34.24-dist"
            }
          ],
          "store_path": "/nix/store/1kxvaj17xxfl0dznykiqn2ikscajpwag-awscli2-2.34.24"
        }
      }
    },
    "bind@latest": {
      "last_modified": "2026-06-01T17:55:45Z",
      "resolved": "github:NixOS/nixpkgs/4df1b885d76a54e1aa1a318f8d16fd6005b6401f#bind",
      "source": "devbox-search",
      "version": "9.20.23",
      "systems": {
        "aarch64-darwin": {
          "outputs": [
            {
              "name": "out",
              "path": "/nix/store/ln4m4i80qw7qs1dnp4ga8s5yyh7137pc-bind-9.20.23",
              "default": true
            },
            {
              "name": "dnsutils",
              "path": "/nix/store/jri4rj4fyglfk89s0a9pa564rsbfz23i-bind-9.20.23-dnsutils",
              "default": true
            },
            {
              "name": "host",
              "path": "/nix/store/6rgpwhyy1j6mkv3ziy974qdj8jjkqh2m-bind-9.20.23-host",
              "default": true
            },
            {
              "name": "lib",
              "path": "/nix/store/iir1hr22fbap1h3dc6vsz5ca5jpawzm2-bind-9.20.23-lib"
            },
            {
              "name": "man",
              "path": "/nix/store/iiyr9ic7b20g30w0rphj4g8kydvqs2zk-bind-9.20.23-man"
            },
            {
              "name": "dev",
              "path": "/nix/store/gi77y3hn46d7gczkvnjdm42s0i4dw3ak-bind-9.20.23-dev"
            }
          ],
          "store_path": "/nix/store/ln4m4i80qw7qs1dnp4ga8s5yyh7137pc-bind-9.20.23"
        },
        "aarch64-linux": {
          "outputs": [
            {
              "name": "out",
              "path": "/nix/store/xq7w3x5n8jmba8d8zx4r47ch0214b5sd-bind-9.20.23",
              "default": true
            },
            {
              "name": "dnsutils",
              "path": "/nix/store/kl6fbnqxpkp1ydc07i1g5wfwxd5hdjv8-bind-9.20.23-dnsutils",
              "default": true
            },
            {
              "name": "host",
              "path": "/nix/store/qaxcfd7s3jknzja2wf5y0mflni51mwrx-bind-9.20.23-host",
              "default": true
            },
            {
              "name": "lib",
              "path": "/nix/store/lpxn97y7zqjlbnxpnw6xq3lw0vslqw2w-bind-9.20.23-lib"
            },
            {
              "name": "man",
              "path": "/nix/store/ri6ad8yiziyv151h6wqx52gcbkzmgza3-bind-9.20.23-man"
            },
            {
              "name": "dev",
              "path": "/nix/store/2vn4003mg3jcsz41pzcwjvgiv9x8vqph-bind-9.20.23-dev"
            }
          ],
          "store_path": "/nix/store/xq7w3x5n8jmba8d8zx4r47ch0214b5sd-bind-9.20.23"
        },
        "x86_64-darwin": {
          "outputs": [
            {
              "name": "out",
              "path": "/nix/store/mk75qfsjdg4ng8g68rp3xp4lsfmihphg-bind-9.20.23",
              "default": true
            },
            {
              "name": "dnsutils",
              "path": "/nix/store/jzvyxad9gdvg1v89akz9il7539gldfb1-bind-9.20.23-dnsutils",
              "default": true
            },
            {
              "name": "host",
              "path": "/nix/store/w73awsh02xj89plyqxnrw3bm9fp1is9n-bind-9.20.23-host",
              "default": true
            },
            {
              "name": "lib",
              "path": "/nix/store/kxchnkf1y5cwak327q5qg5gjgvj622q4-bind-9.20.23-lib"
            },
            {
              "name": "man",
              "path": "/nix/store/cxxnbp0aq3p0c02x5p840fc07nz67zr6-bind-9.20.23-man"
            },
            {
              "name": "dev",
              "path": "/nix/store/lql61lfa3scv5addy01v3az1cmncxshp-bind-9.20.23-dev"
            }
          ],
          "store_path": "/nix/store/mk75qfsjdg4ng8g68rp3xp4lsfmihphg-bind-9.20.23"
        },
        "x86_64-linux": {
          "outputs": [
            {
              "name": "out",
              "path": "/nix/store/vi2f09i6g7d6frf5bds406qi3ys95za2-bind-9.20.23",
              "default": true
            },
            {
              "name": "dnsutils",
              "path": "/nix/store/vkpg04x3sjg38jszwi13xz8pnxrnrf9n-bind-9.20.23-dnsutils",
              "default": true
            },
            {
              "name": "host",
              "path": "/nix/store/jzk1axp1x3hv94piys5iz2gcwcaabkf6-bind-9.20.23-host",
              "default": true
            },
            {
              "name": "dev",
              "path": "/nix/store/2wpd5h5iy8zgrbwxp4qza9ax01jjqmzn-bind-9.20.23-dev"
            },
            {
              "name": "lib",
              "path": "/nix/store/9amli1p0m4zrbr6v0dy0gb8s2yazhpvb-bind-9.20.23-lib"
            },
            {
              "name": "man",
              "path": "/nix/store/8vrydzrdiccznpzwvim13awk3jq4lnjy-bind-9.20.23-man"
            }
          ],
          "store_path": "/nix/store/vi2f09i6g7d6frf5bds406qi3ys95za2-bind-9.20.23"
        }
      }
    },
    "cilium-cli@latest": {
      "last_modified": "2026-05-21T08:15:18Z",
      "resolved": "github:NixOS/nixpkgs/4a29d733e8a7d5b824c3d8c958a946a9867b3eb2#cilium-cli",
      "source": "devbox-search",
      "version": "0.19.2",
      "systems": {
        "aarch64-darwin": {
          "outputs": [
            {
              "name": "out",
              "path": "/nix/store/ni2774x9aqv7d55p1z6bfk5454v9jh7l-cilium-cli-0.19.2",
              "default": true
            }
          ],
          "store_path": "/nix/store/ni2774x9aqv7d55p1z6bfk5454v9jh7l-cilium-cli-0.19.2"
        },
        "aarch64-linux": {
          "outputs": [
            {
              "name": "out",
              "path": "/nix/store/bjn3rcz7jzznf5x5l0mvqp9zsfja1l6p-cilium-cli-0.19.2",
              "default": true
            }
          ],
          "store_path": "/nix/store/bjn3rcz7jzznf5x5l0mvqp9zsfja1l6p-cilium-cli-0.19.2"
        },
        "x86_64-darwin": {
          "outputs": [
            {
              "name": "out",
              "path": "/nix/store/l9a9yvm3vvajpfvz80bqr9zg0sds186v-cilium-cli-0.19.2",
              "default": true
            }
          ],
          "store_path": "/nix/store/l9a9yvm3vvajpfvz80bqr9zg0sds186v-cilium-cli-0.19.2"
        },
        "x86_64-linux": {
          "outputs": [
            {
              "name": "out",
              "path": "/nix/store/yz7758a2942c5m02ar966h1q8l9i7s2c-cilium-cli-0.19.2",
              "default": true
            }
          ],
          "store_path": "/nix/store/yz7758a2942c5m02ar966h1q8l9i7s2c-cilium-cli-0.19.2"
        }
      }
    },
    "cloudflared@latest": {
      "last_modified": "2026-05-21T08:15:18Z",
      "resolved": "github:NixOS/nixpkgs/4a29d733e8a7d5b824c3d8c958a946a9867b3eb2#cloudflared",
      "source": "devbox-search",
      "version": "2026.5.0",
      "systems": {
        "aarch64-darwin": {
          "outputs": [
            {
              "name": "out",
              "path": "/nix/store/ljx5mrzk8rd5wiq7kcjrp296z9pvqjqr-cloudflared-2026.5.0",
              "default": true
            }
          ],
          "store_path": "/nix/store/ljx5mrzk8rd5wiq7kcjrp296z9pvqjqr-cloudflared-2026.5.0"
        },
        "aarch64-linux": {
          "outputs": [
            {
              "name": "out",
              "path": "/nix/store/kfb3bhda3glywx1k0ampjanwy51s8pd5-cloudflared-2026.5.0",
              "default": true
            }
          ],
          "store_path": "/nix/store/kfb3bhda3glywx1k0ampjanwy51s8pd5-cloudflared-2026.5.0"
        },
        "x86_64-darwin": {
          "outputs": [
            {
              "name": "out",
              "path": "/nix/store/0r6f2hkyvvvxh1whi9ylq73cvcz0fl42-cloudflared-2026.5.0",
              "default": true
            }
          ],
          "store_path": "/nix/store/0r6f2hkyvvvxh1whi9ylq73cvcz0fl42-cloudflared-2026.5.0"
        },
        "x86_64-linux": {
          "outputs": [
            {
              "name": "out",
              "path": "/nix/store/w2ynxmdj4q2548rvg901bjyjmb01ixxr-cloudflared-2026.5.0",
              "default": true
            }
          ],
          "store_path": "/nix/store/w2ynxmdj4q2548rvg901bjyjmb01ixxr-cloudflared-2026.5.0"
        }
      }
    },
    "curl@latest": {
      "last_modified": "2025-12-05T15:03:55Z",
      "resolved": "github:NixOS/nixpkgs/a672be65651c80d3f592a89b3945466584a22069#curl",
      "source": "devbox-search",
      "version": "8.17.0",
      "systems": {
        "aarch64-darwin": {
          "outputs": [
            {
              "name": "bin",
              "path": "/nix/store/qfwqcndy8bji6xww0gizclf2nqi2qpph-curl-8.17.0-bin",
              "default": true
            },
            {
              "name": "man",
              "path": "/nix/store/rk815zvrhwzbi7c6d589v2mhxzyzb400-curl-8.17.0-man",
              "default": true
            },
            {
              "name": "dev",
              "path": "/nix/store/ydp55g2mbd6rk6lfw0krkk3jwgdiqj5d-curl-8.17.0-dev"
            },
            {
              "name": "devdoc",
              "path": "/nix/store/8s884m82fmrbiyz8malglqc4sd632dkc-curl-8.17.0-devdoc"
            },
            {
              "name": "out",
              "path": "/nix/store/yxv8fxaz0fyhc31dv3rz89kc50zw5hgj-curl-8.17.0"
            }
          ],
          "store_path": "/nix/store/qfwqcndy8bji6xww0gizclf2nqi2qpph-curl-8.17.0-bin"
        },
        "aarch64-linux": {
          "outputs": [
            {
              "name": "bin",
              "path": "/nix/store/4x19j6zihdl6pya63xs8g360f2r614sx-curl-8.17.0-bin",
              "default": true
            },
            {
              "name": "man",
              "path": "/nix/store/b29qbmbfvzkm34k0jnj8ykqg2gzj3rdy-curl-8.17.0-man",
              "default": true
            },
            {
              "name": "debug",
              "path": "/nix/store/5hmbdk99knmbg8b0fzh96bv6bkcf6v5i-curl-8.17.0-debug"
            },
            {
              "name": "dev",
              "path": "/nix/store/iqs9mjscns3h5npgkrhgr5xa7qzwd0si-curl-8.17.0-dev"
            },
            {
              "name": "devdoc",
              "path": "/nix/store/1fwncv08c8g78k3hj3cj375vx92ndrp8-curl-8.17.0-devdoc"
            },
            {
              "name": "out",
              "path": "/nix/store/b0a6qc92vybjiggh0kg387cg0zp3kl6j-curl-8.17.0"
            }
          ],
          "store_path": "/nix/store/4x19j6zihdl6pya63xs8g360f2r614sx-curl-8.17.0-bin"
        },
        "x86_64-darwin": {
          "outputs": [
            {
              "name": "bin",
              "path": "/nix/store/w2336wv560g1n58cwashmmczdn3bfkq1-curl-8.17.0-bin",
              "default": true
            },
            {
              "name": "man",
              "path": "/nix/store/i6xmhcan8g4abda7ivv20nvwxrsssjqj-curl-8.17.0-man",
              "default": true
            },
            {
              "name": "devdoc",
              "path": "/nix/store/ipa7v9z7pjcnnv0fmdya1fldcxv0a28z-curl-8.17.0-devdoc"
            },
            {
              "name": "out",
              "path": "/nix/store/x9gyg634fi8mgcyay9mqa1ral7xg72fm-curl-8.17.0"
            },
            {
              "name": "dev",
              "path": "/nix/store/39zfdgq9kg3mb4sycf8pj4pdssrzki6c-curl-8.17.0-dev"
            }
          ],
          "store_path": "/nix/store/w2336wv560g1n58cwashmmczdn3bfkq1-curl-8.17.0-bin"
        },
        "x86_64-linux": {
          "outputs": [
            {
              "name": "bin",
              "path": "/nix/store/0rfz69vp1nl0q2hxzig20hc60sk72z62-curl-8.17.0-bin",
              "default": true
            },
            {
              "name": "man",
              "path": "/nix/store/ijd0yybyzwm98d3q6x7a9cyixgxk0i5d-curl-8.17.0-man",
              "default": true
            },
            {
              "name": "debug",
              "path": "/nix/store/h1fxw0xrifxvbhcp7b8hxsgirxxxfzav-curl-8.17.0-debug"
            },
            {
              "name": "dev",
              "path": "/nix/store/ikmdk37frjdblkba3wl3xws2wwgln17x-curl-8.17.0-dev"
            },
            {
              "name": "devdoc",
              "path": "/nix/store/jm6irg81cc0hqg43l39lkxr6pb0w2xk5-curl-8.17.0-devdoc"
            },
            {
              "name": "out",
              "path": "/nix/store/8idis3j5l13c3x74jl8xly0k4qyk9mx6-curl-8.17.0"
            }
          ],
          "store_path": "/nix/store/0rfz69vp1nl0q2hxzig20hc60sk72z62-curl-8.17.0-bin"
        }
      }
    },
    "github:NixOS/nixpkgs/nixpkgs-unstable": {
      "last_modified": "2026-05-27T10:28:13Z",
      "resolved": "github:NixOS/nixpkgs/4100e830e085863741bc69b156ec4ccd53ab5be0?lastModified=1779877693&narHash=sha256-NOF9NAREhxr50bbBfVcVOq%2BArCMSoe8dP79Pk2uyARk%3D"
    },
    "jq@latest": {
      "last_modified": "2026-05-26T09:13:58Z",
      "resolved": "github:NixOS/nixpkgs/f44f7788c891fbe5542177df78374f8cdab10e8f#jq",
      "source": "devbox-search",
      "version": "1.8.1",
      "systems": {
        "aarch64-darwin": {
          "outputs": [
            {
              "name": "bin",
              "path": "/nix/store/d551vj6hjc2bqiyg8dim6lv1v1xw7841-jq-1.8.1-bin",
              "default": true
            },
            {
              "name": "man",
              "path": "/nix/store/cyykpwx7q87ryqyhkz4slm163300rzjh-jq-1.8.1-man",
              "default": true
            },
            {
              "name": "dev",
              "path": "/nix/store/dy2cgp8adlm5gl3hkpykcgccv4dlhawb-jq-1.8.1-dev"
            },
            {
              "name": "doc",
              "path": "/nix/store/afjz34n0jz7a0zjjp6qkvnxqph53ifbw-jq-1.8.1-doc"
            },
            {
              "name": "out",
              "path": "/nix/store/yj3m8xi9h48mz4i7732zcwbqbb8bl402-jq-1.8.1"
            }
          ],
          "store_path": "/nix/store/d551vj6hjc2bqiyg8dim6lv1v1xw7841-jq-1.8.1-bin"
        },
        "aarch64-linux": {
          "outputs": [
            {
              "name": "bin",
              "path": "/nix/store/d6mx57dmjq61j69ap45f6fm3jb0lslyc-jq-1.8.1-bin",
              "default": true
            },
            {
              "name": "man",
              "path": "/nix/store/bnwzc47h7zhc3zwkjmy4br8jd2ki9pyj-jq-1.8.1-man",
              "default": true
            },
            {
              "name": "dev",
              "path": "/nix/store/qv69wdjr2zd2w6yg5n8lxfn6c8mg4bwf-jq-1.8.1-dev"
            },
            {
              "name": "doc",
              "path": "/nix/store/fway55wsvvly58sz7zn7vlq68v0q1ig3-jq-1.8.1-doc"
            },
            {
              "name": "out",
              "path": "/nix/store/6y9n87w9lsk3x0fscm6kfirk3ssc0syr-jq-1.8.1"
            }
          ],
          "store_path": "/nix/store/d6mx57dmjq61j69ap45f6fm3jb0lslyc-jq-1.8.1-bin"
        },
        "x86_64-darwin": {
          "outputs": [
            {
              "name": "bin",
              "path": "/nix/store/pnm2frw3jwfrlycf730z5bfgixiyjal4-jq-1.8.1-bin",
              "default": true
            },
            {
              "name": "man",
              "path": "/nix/store/0yyamki3lhy0rp6vn45mn6cdhqb2c64a-jq-1.8.1-man",
              "default": true
            },
            {
              "name": "out",
              "path": "/nix/store/8c9m07iqwczlfzx1sk0c5g2a9nnzvhc3-jq-1.8.1"
            },
            {
              "name": "dev",
              "path": "/nix/store/hg1vhcfr1lwv39vn84cijdn187jmcfnj-jq-1.8.1-dev"
            },
            {
              "name": "doc",
              "path": "/nix/store/mzarfihn2c84s6qw7zp0rbbj7hb09dv2-jq-1.8.1-doc"
            }
          ],
          "store_path": "/nix/store/pnm2frw3jwfrlycf730z5bfgixiyjal4-jq-1.8.1-bin"
        },
        "x86_64-linux": {
          "outputs": [
            {
              "name": "bin",
              "path": "/nix/store/s04d6wm3kqjdgr7zdhlk214f6a2291ks-jq-1.8.1-bin",
              "default": true
            },
            {
              "name": "man",
              "path": "/nix/store/ncw52xsl5hgplh8csybbp9fli64iw1aq-jq-1.8.1-man",
              "default": true
            },
            {
              "name": "dev",
              "path": "/nix/store/fmsvbcz2s85pmszdvwp4mhlamiv5lnzg-jq-1.8.1-dev"
            },
            {
              "name": "doc",
              "path": "/nix/store/hhh2h4x4rhh6qbqa6620bvhz652cgw4m-jq-1.8.1-doc"
            },
            {
              "name": "out",
              "path": "/nix/store/7a1hndk12kz9wwh9sz8hzkkwgxq6rrnk-jq-1.8.1"
            }
          ],
          "store_path": "/nix/store/s04d6wm3kqjdgr7zdhlk214f6a2291ks-jq-1.8.1-bin"
        }
      }
    },
    "k9s@latest": {
      "last_modified": "2026-05-21T08:15:18Z",
      "resolved": "github:NixOS/nixpkgs/4a29d733e8a7d5b824c3d8c958a946a9867b3eb2#k9s",
      "source": "devbox-search",
      "version": "0.50.18",
      "systems": {
        "aarch64-darwin": {
          "outputs": [
            {
              "name": "out",
              "path": "/nix/store/f7d0zgxga1wv8r2w9nlqg9ac69kb4ks9-k9s-0.50.18",
              "default": true
            }
          ],
          "store_path": "/nix/store/f7d0zgxga1wv8r2w9nlqg9ac69kb4ks9-k9s-0.50.18"
        },
        "aarch64-linux": {
          "outputs": [
            {
              "name": "out",
              "path": "/nix/store/gvjyydspznhh9vmn7a5ammsi8vlvl0a3-k9s-0.50.18",
              "default": true
            }
          ],
          "store_path": "/nix/store/gvjyydspznhh9vmn7a5ammsi8vlvl0a3-k9s-0.50.18"
        },
        "x86_64-darwin": {
          "outputs": [
            {
              "name": "out",
              "path": "/nix/store/q93a0wkj711xg2agrsax6xylb1hfy64w-k9s-0.50.18",
              "default": true
            }
          ],
          "store_path": "/nix/store/q93a0wkj711xg2agrsax6xylb1hfy64w-k9s-0.50.18"
        },
        "x86_64-linux": {
          "outputs": [
            {
              "name": "out",
              "path": "/nix/store/j7q6sz0f15kzli0i77p0f020107dcvs1-k9s-0.50.18",
              "default": true
            }
          ],
          "store_path": "/nix/store/j7q6sz0f15kzli0i77p0f020107dcvs1-k9s-0.50.18"
        }
      }
    },
    "keepassxc@latest": {
      "last_modified": "2026-05-25T07:42:19Z",
      "resolved": "github:NixOS/nixpkgs/f9d8b65950353691ab56561e7c73d2e1063d810b#keepassxc",
      "source": "devbox-search",
      "version": "2.7.12",
      "systems": {
        "aarch64-darwin": {
          "outputs": [
            {
              "name": "out",
              "path": "/nix/store/0rs6y61z8nkqbzhdhpfgj1l9hbqlrjm8-keepassxc-2.7.12",
              "default": true
            }
          ],
          "store_path": "/nix/store/0rs6y61z8nkqbzhdhpfgj1l9hbqlrjm8-keepassxc-2.7.12"
        },
        "aarch64-linux": {
          "outputs": [
            {
              "name": "out",
              "path": "/nix/store/22njfki0frnwla4lsc0imh43v1m05j1h-keepassxc-2.7.12",
              "default": true
            }
          ],
          "store_path": "/nix/store/22njfki0frnwla4lsc0imh43v1m05j1h-keepassxc-2.7.12"
        },
        "x86_64-darwin": {
          "outputs": [
            {
              "name": "out",
              "path": "/nix/store/h71wpc5mnb682c9k3dmjxkxfj1vgv3ix-keepassxc-2.7.12",
              "default": true
            }
          ],
          "store_path": "/nix/store/h71wpc5mnb682c9k3dmjxkxfj1vgv3ix-keepassxc-2.7.12"
        },
        "x86_64-linux": {
          "outputs": [
            {
              "name": "out",
              "path": "/nix/store/m1vzm2hqa21srvr99l601gcgvnxgrwyr-keepassxc-2.7.12",
              "default": true
            }
          ],
          "store_path": "/nix/store/m1vzm2hqa21srvr99l601gcgvnxgrwyr-keepassxc-2.7.12"
        }
      }
    },
    "kubectl@latest": {
      "last_modified": "2026-05-21T08:15:18Z",
      "resolved": "github:NixOS/nixpkgs/4a29d733e8a7d5b824c3d8c958a946a9867b3eb2#kubectl",
      "source": "devbox-search",
      "version": "1.36.1",
      "systems": {
        "aarch64-darwin": {
          "outputs": [
            {
              "name": "out",
              "path": "/nix/store/bayrw2infwx1kwsm7sbl7w7a4irb9xik-kubectl-1.36.1",
              "default": true
            },
            {
              "name": "man",
              "path": "/nix/store/4dncnmrgkz3cym4yyyfm0v8ajd98ij4k-kubectl-1.36.1-man",
              "default": true
            },
            {
              "name": "convert",
              "path": "/nix/store/7k4n6fpadgmd0is7az9snbmilv4igzcl-kubectl-1.36.1-convert"
            }
          ],
          "store_path": "/nix/store/bayrw2infwx1kwsm7sbl7w7a4irb9xik-kubectl-1.36.1"
        },
        "aarch64-linux": {
          "outputs": [
            {
              "name": "out",
              "path": "/nix/store/fjdhpd9i7122m1y1pvcpdalgspxmbald-kubectl-1.36.1",
              "default": true
            },
            {
              "name": "man",
              "path": "/nix/store/yq1yk6mx67s5m752xjr2yl6c1axkgqh1-kubectl-1.36.1-man",
              "default": true
            },
            {
              "name": "convert",
              "path": "/nix/store/kac9kz46wfklva8f850mshsdn8g4w4ps-kubectl-1.36.1-convert"
            }
          ],
          "store_path": "/nix/store/fjdhpd9i7122m1y1pvcpdalgspxmbald-kubectl-1.36.1"
        },
        "x86_64-darwin": {
          "outputs": [
            {
              "name": "out",
              "path": "/nix/store/d62il2034cjb2nfpvmfq31xr1mc4f3f1-kubectl-1.36.1",
              "default": true
            },
            {
              "name": "man",
              "path": "/nix/store/vlvri51s9l4dhi9v606arnbskd8ppsnr-kubectl-1.36.1-man",
              "default": true
            },
            {
              "name": "convert",
              "path": "/nix/store/pagdn4glxvcin2jdvfr4s2jmv5sf7b8v-kubectl-1.36.1-convert"
            }
          ],
          "store_path": "/nix/store/d62il2034cjb2nfpvmfq31xr1mc4f3f1-kubectl-1.36.1"
        },
        "x86_64-linux": {
          "outputs": [
            {
              "name": "out",
              "path": "/nix/store/hpxrpfnk0cdij0vwq0djimy9dcjl22vd-kubectl-1.36.1",
              "default": true
            },
            {
              "name": "man",
              "path": "/nix/store/wln7k2l3lglmzmaxc5s3ycbzdc793vdv-kubectl-1.36.1-man",
              "default": true
            },
            {
              "name": "convert",
              "path": "/nix/store/pajisc6xx344n31bklar8r04a395x7ws-kubectl-1.36.1-convert"
            }
          ],
          "store_path": "/nix/store/hpxrpfnk0cdij0vwq0djimy9dcjl22vd-kubectl-1.36.1"
        }
      }
    },
    "kubernetes-helm@latest": {
      "last_modified": "2026-05-21T08:15:18Z",
      "resolved": "github:NixOS/nixpkgs/4a29d733e8a7d5b824c3d8c958a946a9867b3eb2#kubernetes-helm",
      "source": "devbox-search",
      "version": "3.20.2",
      "systems": {
        "aarch64-darwin": {
          "outputs": [
            {
              "name": "out",
              "path": "/nix/store/gkrsgz343hdglwf80sd6bm03lsg6x4kr-kubernetes-helm-3.20.2",
              "default": true
            }
          ],
          "store_path": "/nix/store/gkrsgz343hdglwf80sd6bm03lsg6x4kr-kubernetes-helm-3.20.2"
        },
        "aarch64-linux": {
          "outputs": [
            {
              "name": "out",
              "path": "/nix/store/aw83ikfgr397vj9nac8j5vcdpr22hy56-kubernetes-helm-3.20.2",
              "default": true
            }
          ],
          "store_path": "/nix/store/aw83ikfgr397vj9nac8j5vcdpr22hy56-kubernetes-helm-3.20.2"
        },
        "x86_64-darwin": {
          "outputs": [
            {
              "name": "out",
              "path": "/nix/store/hqqx1aqvh7j75p9i89chhs7zdrr3m7nd-kubernetes-helm-3.20.2",
              "default": true
            }
          ],
          "store_path": "/nix/store/hqqx1aqvh7j75p9i89chhs7zdrr3m7nd-kubernetes-helm-3.20.2"
        },
        "x86_64-linux": {
          "outputs": [
            {
              "name": "out",
              "path": "/nix/store/89r6lacw4snczana92k6sm8cxw61iq9k-kubernetes-helm-3.20.2",
              "default": true
            }
          ],
          "store_path": "/nix/store/89r6lacw4snczana92k6sm8cxw61iq9k-kubernetes-helm-3.20.2"
        }
      }
    },
    "netcat-gnu@latest": {
      "last_modified": "2026-05-21T08:15:18Z",
      "resolved": "github:NixOS/nixpkgs/4a29d733e8a7d5b824c3d8c958a946a9867b3eb2#netcat-gnu",
      "source": "devbox-search",
      "version": "0.7.1",
      "systems": {
        "aarch64-darwin": {
          "outputs": [
            {
              "name": "out",
              "path": "/nix/store/p6vd1w0fms66f7gjycg5d14gs9dmrv1v-netcat-gnu-0.7.1",
              "default": true
            }
          ],
          "store_path": "/nix/store/p6vd1w0fms66f7gjycg5d14gs9dmrv1v-netcat-gnu-0.7.1"
        },
        "aarch64-linux": {
          "outputs": [
            {
              "name": "out",
              "path": "/nix/store/4w5nxpa99pxanmr5pr7h5pahccrc16c1-netcat-gnu-0.7.1",
              "default": true
            }
          ],
          "store_path": "/nix/store/4w5nxpa99pxanmr5pr7h5pahccrc16c1-netcat-gnu-0.7.1"
        },
        "x86_64-darwin": {
          "outputs": [
            {
              "name": "out",
              "path": "/nix/store/qmy10xf2dx1z37m1hya5g8x5nlfzk24a-netcat-gnu-0.7.1",
              "default": true
            }
          ],
          "store_path": "/nix/store/qmy10xf2dx1z37m1hya5g8x5nlfzk24a-netcat-gnu-0.7.1"
        },
        "x86_64-linux": {
          "outputs": [
            {
              "name": "out",
              "path": "/nix/store/ndg5m9748kqzkic5qnkdyig3zswdf8sw-netcat-gnu-0.7.1",
              "default": true
            }
          ],
          "store_path": "/nix/store/ndg5m9748kqzkic5qnkdyig3zswdf8sw-netcat-gnu-0.7.1"
        }
      }
    },
    "nmap@latest": {
      "last_modified": "2026-05-21T08:15:18Z",
      "resolved": "github:NixOS/nixpkgs/4a29d733e8a7d5b824c3d8c958a946a9867b3eb2#nmap",
      "source": "devbox-search",
      "version": "7.99",
      "systems": {
        "aarch64-darwin": {
          "outputs": [
            {
              "name": "out",
              "path": "/nix/store/c0f2ghrk7vg3lpybmg9pwak4bn5p4y0c-nmap-7.99",
              "default": true
            }
          ],
          "store_path": "/nix/store/c0f2ghrk7vg3lpybmg9pwak4bn5p4y0c-nmap-7.99"
        },
        "aarch64-linux": {
          "outputs": [
            {
              "name": "out",
              "path": "/nix/store/2k07hhvrpaiqp5q99av61b7zhi2l6jiq-nmap-7.99",
              "default": true
            }
          ],
          "store_path": "/nix/store/2k07hhvrpaiqp5q99av61b7zhi2l6jiq-nmap-7.99"
        },
        "x86_64-darwin": {
          "outputs": [
            {
              "name": "out",
              "path": "/nix/store/39bgzghxywbgvcy6fzrc8wwm3ssy2xqp-nmap-7.99",
              "default": true
            }
          ],
          "store_path": "/nix/store/39bgzghxywbgvcy6fzrc8wwm3ssy2xqp-nmap-7.99"
        },
        "x86_64-linux": {
          "outputs": [
            {
              "name": "out",
              "path": "/nix/store/v99v03hj0vv3v064gpl2iphlvlkkhwv5-nmap-7.99",
              "default": true
            }
          ],
          "store_path": "/nix/store/v99v03hj0vv3v064gpl2iphlvlkkhwv5-nmap-7.99"
        }
      }
    },
    "openssl@latest": {
      "last_modified": "2025-12-05T06:24:47Z",
      "resolved": "github:NixOS/nixpkgs/42e29df35be6ef54091d3a3b4e97056ce0a98ce8#openssl",
      "source": "devbox-search",
      "version": "3.6.0",
      "systems": {
        "aarch64-darwin": {
          "outputs": [
            {
              "name": "bin",
              "path": "/nix/store/z9prisxci5h5lsk3rdknd4jzq7k9q13d-openssl-3.6.0-bin",
              "default": true
            },
            {
              "name": "man",
              "path": "/nix/store/ii9mnzr3i92mgk9dkgg65739mavd0j6f-openssl-3.6.0-man",
              "default": true
            },
            {
              "name": "dev",
              "path": "/nix/store/h0qgqik0mk0wn7rmm2kk3grfi1wzly74-openssl-3.6.0-dev"
            },
            {
              "name": "doc",
              "path": "/nix/store/yx3ip21fdaaxpjn5fbir02mqnaw9cm4f-openssl-3.6.0-doc"
            },
            {
              "name": "out",
              "path": "/nix/store/3z54dgks2mz3dhwddj158sdibll8xmq5-openssl-3.6.0"
            }
          ],
          "store_path": "/nix/store/z9prisxci5h5lsk3rdknd4jzq7k9q13d-openssl-3.6.0-bin"
        },
        "aarch64-linux": {
          "outputs": [
            {
              "name": "bin",
              "path": "/nix/store/wb6q44n9kcb5acmaa4rgqsajadx1fhhl-openssl-3.6.0-bin",
              "default": true
            },
            {
              "name": "man",
              "path": "/nix/store/c9n1alb7ypzjvzd47m16fiwfczz23qs3-openssl-3.6.0-man",
              "default": true
            },
            {
              "name": "debug",
              "path": "/nix/store/ci6d4k1sj4bnr892lsrqqmjiihqsk0bl-openssl-3.6.0-debug"
            },
            {
              "name": "dev",
              "path": "/nix/store/pq8b7fb3282g68pmk14mbyi20qn6chid-openssl-3.6.0-dev"
            },
            {
              "name": "doc",
              "path": "/nix/store/vaplp6w56dyz38986bgkf0pbg3r486b2-openssl-3.6.0-doc"
            },
            {
              "name": "out",
              "path": "/nix/store/nj50gkyx813dxvfmsg1q8m330hmf3h86-openssl-3.6.0"
            }
          ],
          "store_path": "/nix/store/wb6q44n9kcb5acmaa4rgqsajadx1fhhl-openssl-3.6.0-bin"
        },
        "x86_64-darwin": {
          "outputs": [
            {
              "name": "bin",
              "path": "/nix/store/m3xwn9n0jypwjgi256idfzs979g30j29-openssl-3.6.0-bin",
              "default": true
            },
            {
              "name": "man",
              "path": "/nix/store/hw43f3y1vl7ydrd4samnwnrwqqwkpisv-openssl-3.6.0-man",
              "default": true
            },
            {
              "name": "dev",
              "path": "/nix/store/dirjrfjk8jgsbdpslgb51cav6qaxn2vm-openssl-3.6.0-dev"
            },
            {
              "name": "doc",
              "path": "/nix/store/va1zhkz0nfmycvd0h239hi4w40qgaxcx-openssl-3.6.0-doc"
            },
            {
              "name": "out",
              "path": "/nix/store/q9a4wssx24xsy28w8kifdqizc01fh7sc-openssl-3.6.0"
            }
          ],
          "store_path": "/nix/store/m3xwn9n0jypwjgi256idfzs979g30j29-openssl-3.6.0-bin"
        },
        "x86_64-linux": {
          "outputs": [
            {
              "name": "bin",
              "path": "/nix/store/k0gl1zc7f5hk87lylxwbipb0b870bcmk-openssl-3.6.0-bin",
              "default": true
            },
            {
              "name": "man",
              "path": "/nix/store/a9jdl6xq9fc98ykpvqmc9kf0b0j9y8wh-openssl-3.6.0-man",
              "default": true
            },
            {
              "name": "debug",
              "path": "/nix/store/sqv8kbdgfxlr2d6nysr8c2715qpsi6f5-openssl-3.6.0-debug"
            },
            {
              "name": "dev",
              "path": "/nix/store/ydrckgnllgg8nmhdwni81h7xhcpnrlhd-openssl-3.6.0-dev"
            },
            {
              "name": "doc",
              "path": "/nix/store/cgp9ig35iwicfb9spcrgyg2m5dmlcgrv-openssl-3.6.0-doc"
            },
            {
              "name": "out",
              "path": "/nix/store/61i74yjkj9p1qphfl7018ja4sdwkipx0-openssl-3.6.0"
            }
          ],
          "store_path": "/nix/store/k0gl1zc7f5hk87lylxwbipb0b870bcmk-openssl-3.6.0-bin"
        }
      }
    },
    "opentofu@latest": {
      "last_modified": "2026-05-27T10:28:13Z",
      "resolved": "github:NixOS/nixpkgs/4100e830e085863741bc69b156ec4ccd53ab5be0#opentofu",
      "source": "devbox-search",
      "version": "1.12.0",
      "systems": {
        "aarch64-darwin": {
          "outputs": [
            {
              "name": "out",
              "path": "/nix/store/kppkrwicxh5hfxafax8h206ii6yzfd59-opentofu-1.12.0",
              "default": true
            }
          ],
          "store_path": "/nix/store/kppkrwicxh5hfxafax8h206ii6yzfd59-opentofu-1.12.0"
        },
        "aarch64-linux": {
          "outputs": [
            {
              "name": "out",
              "path": "/nix/store/53cqwa0j3k2aamsxkn05kqdgi4nvk10i-opentofu-1.12.0",
              "default": true
            }
          ],
          "store_path": "/nix/store/53cqwa0j3k2aamsxkn05kqdgi4nvk10i-opentofu-1.12.0"
        },
        "x86_64-darwin": {
          "outputs": [
            {
              "name": "out",
              "path": "/nix/store/6jz4npfn332d3wzdwdzhqjz2bgk9vxkg-opentofu-1.12.0",
              "default": true
            }
          ],
          "store_path": "/nix/store/6jz4npfn332d3wzdwdzhqjz2bgk9vxkg-opentofu-1.12.0"
        },
        "x86_64-linux": {
          "outputs": [
            {
              "name": "out",
              "path": "/nix/store/68ywmwcax2m5x70js9lvb8w87kyp39m9-opentofu-1.12.0",
              "default": true
            }
          ],
          "store_path": "/nix/store/68ywmwcax2m5x70js9lvb8w87kyp39m9-opentofu-1.12.0"
        }
      }
    },
    "python3@latest": {
      "last_modified": "2025-01-06T03:40:18Z",
      "plugin_version": "0.0.4",
      "resolved": "github:NixOS/nixpkgs/3df3c47c19dc90fec35359e89ffb52b34d2b0e94#python3",
      "source": "devbox-search",
      "version": "3.12.8",
      "systems": {
        "aarch64-darwin": {
          "outputs": [
            {
              "name": "out",
              "path": "/nix/store/8zc3wcplydp8gsxms24scpzdca438dk5-python3-3.12.8",
              "default": true
            }
          ],
          "store_path": "/nix/store/8zc3wcplydp8gsxms24scpzdca438dk5-python3-3.12.8"
        },
        "aarch64-linux": {
          "outputs": [
            {
              "name": "out",
              "path": "/nix/store/66pn6ysmvx675061xaq2vz93s9vdc5p4-python3-3.12.8",
              "default": true
            },
            {
              "name": "debug",
              "path": "/nix/store/brcg3a34fi45ffky63g5pqd22sksvq13-python3-3.12.8-debug"
            }
          ],
          "store_path": "/nix/store/66pn6ysmvx675061xaq2vz93s9vdc5p4-python3-3.12.8"
        },
        "x86_64-darwin": {
          "outputs": [
            {
              "name": "out",
              "path": "/nix/store/fpmkmdzgd1q7kqadc7czcjdhjj7bsc0i-python3-3.12.8",
              "default": true
            }
          ],
          "store_path": "/nix/store/fpmkmdzgd1q7kqadc7czcjdhjj7bsc0i-python3-3.12.8"
        },
        "x86_64-linux": {
          "outputs": [
            {
              "name": "out",
              "path": "/nix/store/c9m6yd8fg1flz2j5r4bif1ib5j20a0cy-python3-3.12.8",
              "default": true
            },
            {
              "name": "debug",
              "path": "/nix/store/cicfrcjr8pky8qd0gxw0x84ynyviy6b5-python3-3.12.8-debug"
            }
          ],
          "store_path": "/nix/store/c9m6yd8fg1flz2j5r4bif1ib5j20a0cy-python3-3.12.8"
        }
      }
    },
    "sops@latest": {
      "last_modified": "2026-05-21T08:15:18Z",
      "resolved": "github:NixOS/nixpkgs/4a29d733e8a7d5b824c3d8c958a946a9867b3eb2#sops",
      "source": "devbox-search",
      "version": "3.13.1",
      "systems": {
        "aarch64-darwin": {
          "outputs": [
            {
              "name": "out",
              "path": "/nix/store/j433ly18f1787pxcwv7kk3jg9h9rcq13-sops-3.13.1",
              "default": true
            }
          ],
          "store_path": "/nix/store/j433ly18f1787pxcwv7kk3jg9h9rcq13-sops-3.13.1"
        },
        "aarch64-linux": {
          "outputs": [
            {
              "name": "out",
              "path": "/nix/store/pj10jlcdgx8239613lphflqqjcxnr26v-sops-3.13.1",
              "default": true
            }
          ],
          "store_path": "/nix/store/pj10jlcdgx8239613lphflqqjcxnr26v-sops-3.13.1"
        },
        "x86_64-darwin": {
          "outputs": [
            {
              "name": "out",
              "path": "/nix/store/gnz4qz85gim63730wdc4nk9zra8kcjrm-sops-3.13.1",
              "default": true
            }
          ],
          "store_path": "/nix/store/gnz4qz85gim63730wdc4nk9zra8kcjrm-sops-3.13.1"
        },
        "x86_64-linux": {
          "outputs": [
            {
              "name": "out",
              "path": "/nix/store/yzsjydzzq2vza6l136879f5cwn3ni2d5-sops-3.13.1",
              "default": true
            }
          ],
          "store_path": "/nix/store/yzsjydzzq2vza6l136879f5cwn3ni2d5-sops-3.13.1"
        }
      }
    },
    "talosctl@latest": {
      "last_modified": "2026-05-22T01:51:30Z",
      "resolved": "github:NixOS/nixpkgs/6dedf69f94d03cbe7bdde106f2d4c23ae2a853bf#talosctl",
      "source": "devbox-search",
      "version": "1.13.2",
      "systems": {
        "aarch64-darwin": {
          "outputs": [
            {
              "name": "out",
              "path": "/nix/store/f8ih4dk3zwc8fnv141a8kq48d9r4m2x6-talosctl-1.13.2",
              "default": true
            }
          ],
          "store_path": "/nix/store/f8ih4dk3zwc8fnv141a8kq48d9r4m2x6-talosctl-1.13.2"
        },
        "aarch64-linux": {
          "outputs": [
            {
              "name": "out",
              "path": "/nix/store/bxz7mkqf770niizl9rpz1gc5wp2h56gn-talosctl-1.13.2",
              "default": true
            }
          ],
          "store_path": "/nix/store/bxz7mkqf770niizl9rpz1gc5wp2h56gn-talosctl-1.13.2"
        },
        "x86_64-darwin": {
          "outputs": [
            {
              "name": "out",
              "path": "/nix/store/adnrnj3rp0d0ziff6npc0qzxaipgzb9r-talosctl-1.13.2",
              "default": true
            }
          ],
          "store_path": "/nix/store/adnrnj3rp0d0ziff6npc0qzxaipgzb9r-talosctl-1.13.2"
        },
        "x86_64-linux": {
          "outputs": [
            {
              "name": "out",
              "path": "/nix/store/f3csq9wcjn95rsspk8snrgnb9rds2zxm-talosctl-1.13.2",
              "default": true
            }
          ],
          "store_path": "/nix/store/f3csq9wcjn95rsspk8snrgnb9rds2zxm-talosctl-1.13.2"
        }
      }
    },
    "tea@latest": {
      "last_modified": "2026-05-21T08:15:18Z",
      "resolved": "github:NixOS/nixpkgs/4a29d733e8a7d5b824c3d8c958a946a9867b3eb2#tea",
      "source": "devbox-search",
      "version": "0.14.0",
      "systems": {
        "aarch64-darwin": {
          "outputs": [
            {
              "name": "out",
              "path": "/nix/store/n82kla88rckr872klpfajpv9rvkaqs3m-tea-0.14.0",
              "default": true
            }
          ],
          "store_path": "/nix/store/n82kla88rckr872klpfajpv9rvkaqs3m-tea-0.14.0"
        },
        "aarch64-linux": {
          "outputs": [
            {
              "name": "out",
              "path": "/nix/store/rxdai3cjxlfsh3015may8vnpxb5b643v-tea-0.14.0",
              "default": true
            }
          ],
          "store_path": "/nix/store/rxdai3cjxlfsh3015may8vnpxb5b643v-tea-0.14.0"
        },
        "x86_64-darwin": {
          "outputs": [
            {
              "name": "out",
              "path": "/nix/store/9xw86b3ywn2jqdrmmlgw1k5ayx5lgkng-tea-0.14.0",
              "default": true
            }
          ],
          "store_path": "/nix/store/9xw86b3ywn2jqdrmmlgw1k5ayx5lgkng-tea-0.14.0"
        },
        "x86_64-linux": {
          "outputs": [
            {
              "name": "out",
              "path": "/nix/store/vzqla9g8dy8c3bphqa0ahrwg4yhamdp1-tea-0.14.0",
              "default": true
            }
          ],
          "store_path": "/nix/store/vzqla9g8dy8c3bphqa0ahrwg4yhamdp1-tea-0.14.0"
        }
      }
    },
    "yq-go@latest": {
      "last_modified": "2026-05-21T08:15:18Z",
      "resolved": "github:NixOS/nixpkgs/4a29d733e8a7d5b824c3d8c958a946a9867b3eb2#yq-go",
      "source": "devbox-search",
      "version": "4.53.2",
      "systems": {
        "aarch64-darwin": {
          "outputs": [
            {
              "name": "out",
              "path": "/nix/store/6fgh5bnsfx5abbdvr1ncd6r11yrm5cw2-yq-go-4.53.2",
              "default": true
            }
          ],
          "store_path": "/nix/store/6fgh5bnsfx5abbdvr1ncd6r11yrm5cw2-yq-go-4.53.2"
        },
        "aarch64-linux": {
          "outputs": [
            {
              "name": "out",
              "path": "/nix/store/3hsajqhhm8m9nx306jh09m1qz4idwmxk-yq-go-4.53.2",
              "default": true
            }
          ],
          "store_path": "/nix/store/3hsajqhhm8m9nx306jh09m1qz4idwmxk-yq-go-4.53.2"
        },
        "x86_64-darwin": {
          "outputs": [
            {
              "name": "out",
              "path": "/nix/store/nyb7m5nd3qpx4y50sd8l86796hglwrfg-yq-go-4.53.2",
              "default": true
            }
          ],
          "store_path": "/nix/store/nyb7m5nd3qpx4y50sd8l86796hglwrfg-yq-go-4.53.2"
        },
        "x86_64-linux": {
          "outputs": [
            {
              "name": "out",
              "path": "/nix/store/pibhm258wp416plqdaxym4z6lis8ksla-yq-go-4.53.2",
              "default": true
            }
          ],
          "store_path": "/nix/store/pibhm258wp416plqdaxym4z6lis8ksla-yq-go-4.53.2"
        }
      }
    }
  }
}
