{
  "lockfile_version": "1",
  "packages": {
    "claude-code@latest": {
      "last_modified": "2026-10-07T01:26:01Z",
      "resolved": "github:NixOS/nixpkgs/7dd199b0e2993e37b4775ed66b1c291699608c9f#claude-code",
      "source": "devbox-search",
      "version": "2.1.291",
      "systems": {
        "aarch64-darwin": {
          "outputs": [
            {
              "name": "out",
              "path": "/nix/store/23vdx5qzsdyhkh20z75nmi4nl6hfmb0n-claude-code-2.1.291",
              "default": true
            }
          ],
          "store_path": "/nix/store/23vdx5qzsdyhkh20z75nmi4nl6hfmb0n-claude-code-2.1.291"
        },
        "aarch64-linux": {
          "outputs": [
            {
              "name": "out",
              "path": "/nix/store/rmil654lnnrjk6s53kqkvxbnlwzw22a4-claude-code-2.1.291",
              "default": true
            }
          ],
          "store_path": "/nix/store/rmil654lnnrjk6s53kqkvxbnlwzw22a4-claude-code-2.1.291"
        },
        "x86_64-linux": {
          "outputs": [
            {
              "name": "out",
              "path": "/nix/store/yrnazp1vhvcf6gsqbnd4mn7a8lb3aich-claude-code-2.1.291",
              "default": true
            }
          ],
          "store_path": "/nix/store/yrnazp1vhvcf6gsqbnd4mn7a8lb3aich-claude-code-2.1.291"
        }
      }
    },
    "github:NixOS/nixpkgs/nixpkgs-unstable": {
      "last_modified": "2026-10-08T19:21:32Z",
      "resolved": "github:NixOS/nixpkgs/8edc0c72e3a38faf5434e40d1f19431125fe4b30?lastModified=1791487292&narHash=sha256-tqM7xDEsaeK1p6VvRygeZ9LkQRpUUkbRT02BHv6hnTM%3D"
    },
    "kind@latest": {
      "last_modified": "2026-08-27T07:16:00Z",
      "resolved": "github:NixOS/nixpkgs/c27cdad491a991b11ed731760aa2ef8db0cb0410#kind",
      "source": "devbox-search",
      "version": "0.32.0",
      "systems": {
        "aarch64-darwin": {
          "outputs": [
            {
              "name": "out",
              "path": "/nix/store/jzvzpvkccqz0lsqlnvm74cf8kyl66m6k-kind-0.32.0",
              "default": true
            }
          ],
          "store_path": "/nix/store/jzvzpvkccqz0lsqlnvm74cf8kyl66m6k-kind-0.32.0"
        },
        "aarch64-linux": {
          "outputs": [
            {
              "name": "out",
              "path": "/nix/store/l4k5xwn2j8r5pazgky3k1467iwygphrf-kind-0.32.0",
              "default": true
            }
          ],
          "store_path": "/nix/store/l4k5xwn2j8r5pazgky3k1467iwygphrf-kind-0.32.0"
        },
        "x86_64-linux": {
          "outputs": [
            {
              "name": "out",
              "path": "/nix/store/8h2y0wx7cv9iax5rzkyjl07a494qxygl-kind-0.32.0",
              "default": true
            }
          ],
          "store_path": "/nix/store/8h2y0wx7cv9iax5rzkyjl07a494qxygl-kind-0.32.0"
        }
      }
    },
    "kubectl@1.36": {
      "last_modified": "2026-08-27T07:16:00Z",
      "resolved": "github:NixOS/nixpkgs/c27cdad491a991b11ed731760aa2ef8db0cb0410#kubectl",
      "source": "devbox-search",
      "version": "1.36.3",
      "systems": {
        "aarch64-darwin": {
          "outputs": [
            {
              "name": "out",
              "path": "/nix/store/4ly3f60sf2y8lx4ad4nlv4d4xzm49cai-kubectl-1.36.3",
              "default": true
            },
            {
              "name": "man",
              "path": "/nix/store/j4lcjil024kv6xli1y03whn4rv1x1ifv-kubectl-1.36.3-man",
              "default": true
            },
            {
              "name": "convert",
              "path": "/nix/store/rq7cbnikbk7khmqczsglknfhfgykwkbf-kubectl-1.36.3-convert"
            }
          ],
          "store_path": "/nix/store/4ly3f60sf2y8lx4ad4nlv4d4xzm49cai-kubectl-1.36.3"
        },
        "aarch64-linux": {
          "outputs": [
            {
              "name": "out",
              "path": "/nix/store/pxr2n9hcw5r5c9pbyqhangbwvc3yv8yw-kubectl-1.36.3",
              "default": true
            },
            {
              "name": "man",
              "path": "/nix/store/n9ya3i139xw7jcb3x44b1lmwswilfwxk-kubectl-1.36.3-man",
              "default": true
            },
            {
              "name": "convert",
              "path": "/nix/store/6xj3wx8zkh4nj0dfg14v6cmbpaxqrzz7-kubectl-1.36.3-convert"
            }
          ],
          "store_path": "/nix/store/pxr2n9hcw5r5c9pbyqhangbwvc3yv8yw-kubectl-1.36.3"
        },
        "x86_64-linux": {
          "outputs": [
            {
              "name": "out",
              "path": "/nix/store/s28gqkd497rb4bvm56w72jyarqgmhlzz-kubectl-1.36.3",
              "default": true
            },
            {
              "name": "man",
              "path": "/nix/store/kxhnlzm663cpz4pbd7wkq4n73578ak4z-kubectl-1.36.3-man",
              "default": true
            },
            {
              "name": "convert",
              "path": "/nix/store/szx0vjljdh6rp8nxwdnpkz7g4fvvnk9h-kubectl-1.36.3-convert"
            }
          ],
          "store_path": "/nix/store/s28gqkd497rb4bvm56w72jyarqgmhlzz-kubectl-1.36.3"
        }
      }
    }
  }
}
